
Microsoft Visual Studio Solution File, Format Version 12.00
# Visual Studio 15
Project("{FAE04EC0-301F-11D3-BF4B-00C04F79EFBC}") = "Assembly-CSharp-firstpass", "Assembly-CSharp-firstpass.csproj", "{492ADC0E-6B06-A1A1-DF17-3980CE646EAE}"
EndProject
Project("{FAE04EC0-301F-11D3-BF4B-00C04F79EFBC}") = "Assembly-CSharp", "Assembly-CSharp.csproj", "{336F76FF-8DF2-29CA-BA56-ADA24F3447A0}"
EndProject
Project("{FAE04EC0-301F-11D3-BF4B-00C04F79EFBC}") = "Assembly-CSharp-Editor-firstpass", "Assembly-CSharp-Editor-firstpass.csproj", "{67090B65-20FB-4A16-B720-CB0C4D5993E8}"
EndProject
Global
	GlobalSection(SolutionConfigurationPlatforms) = preSolution
		Debug|Any CPU = Debug|Any CPU
		Release|Any CPU = Release|Any CPU
	EndGlobalSection
	GlobalSection(ProjectConfigurationPlatforms) = postSolution
		{492ADC0E-6B06-A1A1-DF17-3980CE646EAE}.Debug|Any CPU.ActiveCfg = Debug|Any CPU
		{492ADC0E-6B06-A1A1-DF17-3980CE646EAE}.Debug|Any CPU.Build.0 = Debug|Any CPU
		{492ADC0E-6B06-A1A1-DF17-3980CE646EAE}.Release|Any CPU.ActiveCfg = Release|Any CPU
		{492ADC0E-6B06-A1A1-DF17-3980CE646EAE}.Release|Any CPU.Build.0 = Release|Any CPU
		{336F76FF-8DF2-29CA-BA56-ADA24F3447A0}.Debug|Any CPU.ActiveCfg = Debug|Any CPU
		{336F76FF-8DF2-29CA-BA56-ADA24F3447A0}.Debug|Any CPU.Build.0 = Debug|Any CPU
		{336F76FF-8DF2-29CA-BA56-ADA24F3447A0}.Release|Any CPU.ActiveCfg = Release|Any CPU
		{336F76FF-8DF2-29CA-BA56-ADA24F3447A0}.Release|Any CPU.Build.0 = Release|Any CPU
		{67090B65-20FB-4A16-B720-CB0C4D5993E8}.Debug|Any CPU.ActiveCfg = Debug|Any CPU
		{67090B65-20FB-4A16-B720-CB0C4D5993E8}.Debug|Any CPU.Build.0 = Debug|Any CPU
		{67090B65-20FB-4A16-B720-CB0C4D5993E8}.Release|Any CPU.ActiveCfg = Release|Any CPU
		{67090B65-20FB-4A16-B720-CB0C4D5993E8}.Release|Any CPU.Build.0 = Release|Any CPU
	EndGlobalSection
	GlobalSection(SolutionProperties) = preSolution
		HideSolutionNode = FALSE
	EndGlobalSection
EndGlobal
